// !$*UTF8*$!
{
	archiveVersion = 1;
	classes = {
	};
	objectVersion = 50;
	objects = {

/* Begin PBXBuildFile section */
		7651DB0846F555633E159276 /* Pods_OmMovies.framework in Frameworks */ = {isa = PBXBuildFile; fileRef = 660FBE03E9CAABEF4E684F13 /* Pods_OmMovies.framework */; };
		76A9279B2222DB2100DD04F1 /* AppDelegate.swift in Sources */ = {isa = PBXBuildFile; fileRef = 76A9279A2222DB2100DD04F1 /* AppDelegate.swift */; };
		76A927A02222DB2100DD04F1 /* Main.storyboard in Resources */ = {isa = PBXBuildFile; fileRef = 76A9279E2222DB2100DD04F1 /* Main.storyboard */; };
		76A927A22222DB2200DD04F1 /* Assets.xcassets in Resources */ = {isa = PBXBuildFile; fileRef = 76A927A12222DB2200DD04F1 /* Assets.xcassets */; };
		76A927A52222DB2200DD04F1 /* LaunchScreen.storyboard in Resources */ = {isa = PBXBuildFile; fileRef = 76A927A32222DB2200DD04F1 /* LaunchScreen.storyboard */; };
		76A927B12222DEF900DD04F1 /* OmServices.swift in Sources */ = {isa = PBXBuildFile; fileRef = 76A927B02222DEF900DD04F1 /* OmServices.swift */; };
		76A927B32222DF0200DD04F1 /* OmRouter.swift in Sources */ = {isa = PBXBuildFile; fileRef = 76A927B22222DF0200DD04F1 /* OmRouter.swift */; };
		76A927B52222DF1700DD04F1 /* Movie.swift in Sources */ = {isa = PBXBuildFile; fileRef = 76A927B42222DF1700DD04F1 /* Movie.swift */; };
		76A927B72222DF1F00DD04F1 /* MovieDetail.swift in Sources */ = {isa = PBXBuildFile; fileRef = 76A927B62222DF1F00DD04F1 /* MovieDetail.swift */; };
		76A927B92222DF2C00DD04F1 /* MovieListResponse.swift in Sources */ = {isa = PBXBuildFile; fileRef = 76A927B82222DF2C00DD04F1 /* MovieListResponse.swift */; };
		76A927BB2222E1E600DD04F1 /* MovieDetailResponse.swift in Sources */ = {isa = PBXBuildFile; fileRef = 76A927BA2222E1E600DD04F1 /* MovieDetailResponse.swift */; };
		76A927BD2223159800DD04F1 /* ReachabilityManager.swift in Sources */ = {isa = PBXBuildFile; fileRef = 76A927BC2223159800DD04F1 /* ReachabilityManager.swift */; };
		76A927C1222316D200DD04F1 /* UIApplication.swift in Sources */ = {isa = PBXBuildFile; fileRef = 76A927C0222316D200DD04F1 /* UIApplication.swift */; };
		76A927C4222318DE00DD04F1 /* SplashViewController.swift in Sources */ = {isa = PBXBuildFile; fileRef = 76A927C2222318DE00DD04F1 /* SplashViewController.swift */; };
		76A927C82223193D00DD04F1 /* Splash.storyboard in Resources */ = {isa = PBXBuildFile; fileRef = 76A927C72223193D00DD04F1 /* Splash.storyboard */; };
		76A927CA22231D2900DD04F1 /* Constants.swift in Sources */ = {isa = PBXBuildFile; fileRef = 76A927C922231D2900DD04F1 /* Constants.swift */; };
		76A927CC2223263F00DD04F1 /* GoogleService-Info.plist in Resources */ = {isa = PBXBuildFile; fileRef = 76A927CB2223263F00DD04F1 /* GoogleService-Info.plist */; };
		76A927CF22232B3400DD04F1 /* MovieListViewController.swift in Sources */ = {isa = PBXBuildFile; fileRef = 76A927CE22232B3400DD04F1 /* MovieListViewController.swift */; };
		76A927D122232BBD00DD04F1 /* MovieDetailViewController.swift in Sources */ = {isa = PBXBuildFile; fileRef = 76A927D022232BBD00DD04F1 /* MovieDetailViewController.swift */; };
		76A927D92223323F00DD04F1 /* MovieTableViewCell.swift in Sources */ = {isa = PBXBuildFile; fileRef = 76A927D72223323F00DD04F1 /* MovieTableViewCell.swift */; };
		76A927DA2223323F00DD04F1 /* MovieTableViewCell.xib in Resources */ = {isa = PBXBuildFile; fileRef = 76A927D82223323F00DD04F1 /* MovieTableViewCell.xib */; };
/* End PBXBuildFile section */

/* Begin PBXFileReference section */
		1ADCE0AAC17D053BFA026ACF /* Pods-OmMovies.release.xcconfig */ = {isa = PBXFileReference; includeInIndex = 1; lastKnownFileType = text.xcconfig; name = "Pods-OmMovies.release.xcconfig"; path = "Pods/Target Support Files/Pods-OmMovies/Pods-OmMovies.release.xcconfig"; sourceTree = "<group>"; };
		660FBE03E9CAABEF4E684F13 /* Pods_OmMovies.framework */ = {isa = PBXFileReference; explicitFileType = wrapper.framework; includeInIndex = 0; path = Pods_OmMovies.framework; sourceTree = BUILT_PRODUCTS_DIR; };
		76A927972222DB2100DD04F1 /* OmMovies.app */ = {isa = PBXFileReference; explicitFileType = wrapper.application; includeInIndex = 0; path = OmMovies.app; sourceTree = BUILT_PRODUCTS_DIR; };
		76A9279A2222DB2100DD04F1 /* AppDelegate.swift */ = {isa = PBXFileReference; lastKnownFileType = sourcecode.swift; path = AppDelegate.swift; sourceTree = "<group>"; };
		76A9279F2222DB2100DD04F1 /* Base */ = {isa = PBXFileReference; lastKnownFileType = file.storyboard; name = Base; path = Base.lproj/Main.storyboard; sourceTree = "<group>"; };
		76A927A12222DB2200DD04F1 /* Assets.xcassets */ = {isa = PBXFileReference; lastKnownFileType = folder.assetcatalog; path = Assets.xcassets; sourceTree = "<group>"; };
		76A927A42222DB2200DD04F1 /* Base */ = {isa = PBXFileReference; lastKnownFileType = file.storyboard; name = Base; path = Base.lproj/LaunchScreen.storyboard; sourceTree = "<group>"; };
		76A927A62222DB2200DD04F1 /* Info.plist */ = {isa = PBXFileReference; lastKnownFileType = text.plist.xml; path = Info.plist; sourceTree = "<group>"; };
		76A927B02222DEF900DD04F1 /* OmServices.swift */ = {isa = PBXFileReference; lastKnownFileType = sourcecode.swift; path = OmServices.swift; sourceTree = "<group>"; };
		76A927B22222DF0200DD04F1 /* OmRouter.swift */ = {isa = PBXFileReference; lastKnownFileType = sourcecode.swift; path = OmRouter.swift; sourceTree = "<group>"; };
		76A927B42222DF1700DD04F1 /* Movie.swift */ = {isa = PBXFileReference; lastKnownFileType = sourcecode.swift; path = Movie.swift; sourceTree = "<group>"; };
		76A927B62222DF1F00DD04F1 /* MovieDetail.swift */ = {isa = PBXFileReference; lastKnownFileType = sourcecode.swift; path = MovieDetail.swift; sourceTree = "<group>"; };
		76A927B82222DF2C00DD04F1 /* MovieListResponse.swift */ = {isa = PBXFileReference; lastKnownFileType = sourcecode.swift; path = MovieListResponse.swift; sourceTree = "<group>"; };
		76A927BA2222E1E600DD04F1 /* MovieDetailResponse.swift */ = {isa = PBXFileReference; lastKnownFileType = sourcecode.swift; path = MovieDetailResponse.swift; sourceTree = "<group>"; };
		76A927BC2223159800DD04F1 /* ReachabilityManager.swift */ = {isa = PBXFileReference; lastKnownFileType = sourcecode.swift; path = ReachabilityManager.swift; sourceTree = "<group>"; };
		76A927C0222316D200DD04F1 /* UIApplication.swift */ = {isa = PBXFileReference; lastKnownFileType = sourcecode.swift; path = UIApplication.swift; sourceTree = "<group>"; };
		76A927C2222318DE00DD04F1 /* SplashViewController.swift */ = {isa = PBXFileReference; lastKnownFileType = sourcecode.swift; path = SplashViewController.swift; sourceTree = "<group>"; };
		76A927C72223193D00DD04F1 /* Splash.storyboard */ = {isa = PBXFileReference; lastKnownFileType = file.storyboard; path = Splash.storyboard; sourceTree = "<group>"; };
		76A927C922231D2900DD04F1 /* Constants.swift */ = {isa = PBXFileReference; lastKnownFileType = sourcecode.swift; path = Constants.swift; sourceTree = "<group>"; };
		76A927CB2223263F00DD04F1 /* GoogleService-Info.plist */ = {isa = PBXFileReference; fileEncoding = 4; lastKnownFileType = text.plist.xml; name = "GoogleService-Info.plist"; path = "../../../../../Downloads/GoogleService-Info.plist"; sourceTree = "<group>"; };
		76A927CE22232B3400DD04F1 /* MovieListViewController.swift */ = {isa = PBXFileReference; lastKnownFileType = sourcecode.swift; path = MovieListViewController.swift; sourceTree = "<group>"; };
		76A927D022232BBD00DD04F1 /* MovieDetailViewController.swift */ = {isa = PBXFileReference; lastKnownFileType = sourcecode.swift; path = MovieDetailViewController.swift; sourceTree = "<group>"; };
		76A927D72223323F00DD04F1 /* MovieTableViewCell.swift */ = {isa = PBXFileReference; lastKnownFileType = sourcecode.swift; path = MovieTableViewCell.swift; sourceTree = "<group>"; };
		76A927D82223323F00DD04F1 /* MovieTableViewCell.xib */ = {isa = PBXFileReference; lastKnownFileType = file.xib; path = MovieTableViewCell.xib; sourceTree = "<group>"; };
		CC26A49E412A1BB2F00BC529 /* Pods-OmMovies.debug.xcconfig */ = {isa = PBXFileReference; includeInIndex = 1; lastKnownFileType = text.xcconfig; name = "Pods-OmMovies.debug.xcconfig"; path = "Pods/Target Support Files/Pods-OmMovies/Pods-OmMovies.debug.xcconfig"; sourceTree = "<group>"; };
/* End PBXFileReference section */

/* Begin PBXFrameworksBuildPhase section */
		76A927942222DB2100DD04F1 /* Frameworks */ = {
			isa = PBXFrameworksBuildPhase;
			buildActionMask = 2147483647;
			files = (
				7651DB0846F555633E159276 /* Pods_OmMovies.framework in Frameworks */,
			);
			runOnlyForDeploymentPostprocessing = 0;
		};
/* End PBXFrameworksBuildPhase section */

/* Begin PBXGroup section */
		76A9278E2222DB2100DD04F1 = {
			isa = PBXGroup;
			children = (
				76A927992222DB2100DD04F1 /* OmMovies */,
				76A927982222DB2100DD04F1 /* Products */,
				A2895C9E0D36D01D6C126DE0 /* Pods */,
				A2F756D7CE173B67C4AD1254 /* Frameworks */,
			);
			sourceTree = "<group>";
		};
		76A927982222DB2100DD04F1 /* Products */ = {
			isa = PBXGroup;
			children = (
				76A927972222DB2100DD04F1 /* OmMovies.app */,
			);
			name = Products;
			sourceTree = "<group>";
		};
		76A927992222DB2100DD04F1 /* OmMovies */ = {
			isa = PBXGroup;
			children = (
				76A927D42223321600DD04F1 /* View */,
				76A927CD22232B2000DD04F1 /* View Controller */,
				76A927BF222316C200DD04F1 /* Extensions */,
				76A927AC2222DEC600DD04F1 /* Networking */,
				76A927DB2223325600DD04F1 /* Model */,
				76A9279A2222DB2100DD04F1 /* AppDelegate.swift */,
				76A9279E2222DB2100DD04F1 /* Main.storyboard */,
				76A927A12222DB2200DD04F1 /* Assets.xcassets */,
				76A927A32222DB2200DD04F1 /* LaunchScreen.storyboard */,
				76A927A62222DB2200DD04F1 /* Info.plist */,
				76A927CB2223263F00DD04F1 /* GoogleService-Info.plist */,
				76A927C6222318E300DD04F1 /* Splash */,
				76A927C922231D2900DD04F1 /* Constants.swift */,
			);
			path = OmMovies;
			sourceTree = "<group>";
		};
		76A927AC2222DEC600DD04F1 /* Networking */ = {
			isa = PBXGroup;
			children = (
				76A927B02222DEF900DD04F1 /* OmServices.swift */,
				76A927B22222DF0200DD04F1 /* OmRouter.swift */,
				76A927BC2223159800DD04F1 /* ReachabilityManager.swift */,
				76A927AF2222DEE200DD04F1 /* Responses */,
			);
			path = Networking;
			sourceTree = "<group>";
		};
		76A927AF2222DEE200DD04F1 /* Responses */ = {
			isa = PBXGroup;
			children = (
				76A927B82222DF2C00DD04F1 /* MovieListResponse.swift */,
				76A927BA2222E1E600DD04F1 /* MovieDetailResponse.swift */,
			);
			path = Responses;
			sourceTree = "<group>";
		};
		76A927BF222316C200DD04F1 /* Extensions */ = {
			isa = PBXGroup;
			children = (
				76A927C0222316D200DD04F1 /* UIApplication.swift */,
			);
			path = Extensions;
			sourceTree = "<group>";
		};
		76A927C6222318E300DD04F1 /* Splash */ = {
			isa = PBXGroup;
			children = (
				76A927C2222318DE00DD04F1 /* SplashViewController.swift */,
				76A927C72223193D00DD04F1 /* Splash.storyboard */,
			);
			path = Splash;
			sourceTree = "<group>";
		};
		76A927CD22232B2000DD04F1 /* View Controller */ = {
			isa = PBXGroup;
			children = (
				76A927CE22232B3400DD04F1 /* MovieListViewController.swift */,
				76A927D022232BBD00DD04F1 /* MovieDetailViewController.swift */,
			);
			path = "View Controller";
			sourceTree = "<group>";
		};
		76A927D42223321600DD04F1 /* View */ = {
			isa = PBXGroup;
			children = (
				76A927D72223323F00DD04F1 /* MovieTableViewCell.swift */,
				76A927D82223323F00DD04F1 /* MovieTableViewCell.xib */,
			);
			path = View;
			sourceTree = "<group>";
		};
		76A927DB2223325600DD04F1 /* Model */ = {
			isa = PBXGroup;
			children = (
				76A927B42222DF1700DD04F1 /* Movie.swift */,
				76A927B62222DF1F00DD04F1 /* MovieDetail.swift */,
			);
			path = Model;
			sourceTree = "<group>";
		};
		A2895C9E0D36D01D6C126DE0 /* Pods */ = {
			isa = PBXGroup;
			children = (
				CC26A49E412A1BB2F00BC529 /* Pods-OmMovies.debug.xcconfig */,
				1ADCE0AAC17D053BFA026ACF /* Pods-OmMovies.release.xcconfig */,
			);
			name = Pods;
			sourceTree = "<group>";
		};
		A2F756D7CE173B67C4AD1254 /* Frameworks */ = {
			isa = PBXGroup;
			children = (
				660FBE03E9CAABEF4E684F13 /* Pods_OmMovies.framework */,
			);
			name = Frameworks;
			sourceTree = "<group>";
		};
/* End PBXGroup section */

/* Begin PBXNativeTarget section */
		76A927962222DB2100DD04F1 /* OmMovies */ = {
			isa = PBXNativeTarget;
			buildConfigurationList = 76A927A92222DB2200DD04F1 /* Build configuration list for PBXNativeTarget "OmMovies" */;
			buildPhases = (
				086B22BA02457B7B8FE09168 /* [CP] Check Pods Manifest.lock */,
				76A927932222DB2100DD04F1 /* Sources */,
				76A927942222DB2100DD04F1 /* Frameworks */,
				76A927952222DB2100DD04F1 /* Resources */,
				AFFBCE16C34E994865231CB7 /* [CP] Embed Pods Frameworks */,
			);
			buildRules = (
			);
			dependencies = (
			);
			name = OmMovies;
			productName = OmMovies;
			productReference = 76A927972222DB2100DD04F1 /* OmMovies.app */;
			productType = "com.apple.product-type.application";
		};
/* End PBXNativeTarget section */

/* Begin PBXProject section */
		76A9278F2222DB2100DD04F1 /* Project object */ = {
			isa = PBXProject;
			attributes = {
				LastSwiftUpdateCheck = 1010;
				LastUpgradeCheck = 1010;
				ORGANIZATIONNAME = "Esma Goktekin Ornek";
				TargetAttributes = {
					76A927962222DB2100DD04F1 = {
						CreatedOnToolsVersion = 10.1;
					};
				};
			};
			buildConfigurationList = 76A927922222DB2100DD04F1 /* Build configuration list for PBXProject "OmMovies" */;
			compatibilityVersion = "Xcode 9.3";
			developmentRegion = en;
			hasScannedForEncodings = 0;
			knownRegions = (
				en,
				Base,
			);
			mainGroup = 76A9278E2222DB2100DD04F1;
			productRefGroup = 76A927982222DB2100DD04F1 /* Products */;
			projectDirPath = "";
			projectRoot = "";
			targets = (
				76A927962222DB2100DD04F1 /* OmMovies */,
			);
		};
/* End PBXProject section */

/* Begin PBXResourcesBuildPhase section */
		76A927952222DB2100DD04F1 /* Resources */ = {
			isa = PBXResourcesBuildPhase;
			buildActionMask = 2147483647;
			files = (
				76A927A52222DB2200DD04F1 /* LaunchScreen.storyboard in Resources */,
				76A927A22222DB2200DD04F1 /* Assets.xcassets in Resources */,
				76A927DA2223323F00DD04F1 /* MovieTableViewCell.xib in Resources */,
				76A927CC2223263F00DD04F1 /* GoogleService-Info.plist in Resources */,
				76A927A02222DB2100DD04F1 /* Main.storyboard in Resources */,
				76A927C82223193D00DD04F1 /* Splash.storyboard in Resources */,
			);
			runOnlyForDeploymentPostprocessing = 0;
		};
/* End PBXResourcesBuildPhase section */

/* Begin PBXShellScriptBuildPhase section */
		086B22BA02457B7B8FE09168 /* [CP] Check Pods Manifest.lock */ = {
			isa = PBXShellScriptBuildPhase;
			buildActionMask = 2147483647;
			files = (
			);
			inputFileListPaths = (
			);
			inputPaths = (
				"${PODS_PODFILE_DIR_PATH}/Podfile.lock",
				"${PODS_ROOT}/Manifest.lock",
			);
			name = "[CP] Check Pods Manifest.lock";
			outputFileListPaths = (
			);
			outputPaths = (
				"$(DERIVED_FILE_DIR)/Pods-OmMovies-checkManifestLockResult.txt",
			);
			runOnlyForDeploymentPostprocessing = 0;
			shellPath = /bin/sh;
			shellScript = "diff \"${PODS_PODFILE_DIR_PATH}/Podfile.lock\" \"${PODS_ROOT}/Manifest.lock\" > /dev/null\nif [ $? != 0 ] ; then\n    # print error to STDERR\n    echo \"error: The sandbox is not in sync with the Podfile.lock. Run 'pod install' or update your CocoaPods installation.\" >&2\n    exit 1\nfi\n# This output is used by Xcode 'outputs' to avoid re-running this script phase.\necho \"SUCCESS\" > \"${SCRIPT_OUTPUT_FILE_0}\"\n";
			showEnvVarsInLog = 0;
		};
		AFFBCE16C34E994865231CB7 /* [CP] Embed Pods Frameworks */ = {
			isa = PBXShellScriptBuildPhase;
			buildActionMask = 2147483647;
			files = (
			);
			inputFileListPaths = (
			);
			inputPaths = (
				"${SRCROOT}/Pods/Target Support Files/Pods-OmMovies/Pods-OmMovies-frameworks.sh",
				"${BUILT_PRODUCTS_DIR}/Alamofire/Alamofire.framework",
				"${BUILT_PRODUCTS_DIR}/AlamofireImage/AlamofireImage.framework",
				"${BUILT_PRODUCTS_DIR}/GoogleUtilities/GoogleUtilities.framework",
				"${BUILT_PRODUCTS_DIR}/Protobuf/Protobuf.framework",
				"${BUILT_PRODUCTS_DIR}/nanopb/nanopb.framework",
			);
			name = "[CP] Embed Pods Frameworks";
			outputFileListPaths = (
			);
			outputPaths = (
				"${TARGET_BUILD_DIR}/${FRAMEWORKS_FOLDER_PATH}/Alamofire.framework",
				"${TARGET_BUILD_DIR}/${FRAMEWORKS_FOLDER_PATH}/AlamofireImage.framework",
				"${TARGET_BUILD_DIR}/${FRAMEWORKS_FOLDER_PATH}/GoogleUtilities.framework",
				"${TARGET_BUILD_DIR}/${FRAMEWORKS_FOLDER_PATH}/Protobuf.framework",
				"${TARGET_BUILD_DIR}/${FRAMEWORKS_FOLDER_PATH}/nanopb.framework",
			);
			runOnlyForDeploymentPostprocessing = 0;
			shellPath = /bin/sh;
			shellScript = "\"${SRCROOT}/Pods/Target Support Files/Pods-OmMovies/Pods-OmMovies-frameworks.sh\"\n";
			showEnvVarsInLog = 0;
		};
/* End PBXShellScriptBuildPhase section */

/* Begin PBXSourcesBuildPhase section */
		76A927932222DB2100DD04F1 /* Sources */ = {
			isa = PBXSourcesBuildPhase;
			buildActionMask = 2147483647;
			files = (
				76A927C1222316D200DD04F1 /* UIApplication.swift in Sources */,
				76A927B12222DEF900DD04F1 /* OmServices.swift in Sources */,
				76A927D92223323F00DD04F1 /* MovieTableViewCell.swift in Sources */,
				76A927CF22232B3400DD04F1 /* MovieListViewController.swift in Sources */,
				76A927B32222DF0200DD04F1 /* OmRouter.swift in Sources */,
				76A927D122232BBD00DD04F1 /* MovieDetailViewController.swift in Sources */,
				76A927B72222DF1F00DD04F1 /* MovieDetail.swift in Sources */,
				76A927BD2223159800DD04F1 /* ReachabilityManager.swift in Sources */,
				76A9279B2222DB2100DD04F1 /* AppDelegate.swift in Sources */,
				76A927B52222DF1700DD04F1 /* Movie.swift in Sources */,
				76A927BB2222E1E600DD04F1 /* MovieDetailResponse.swift in Sources */,
				76A927B92222DF2C00DD04F1 /* MovieListResponse.swift in Sources */,
				76A927C4222318DE00DD04F1 /* SplashViewController.swift in Sources */,
				76A927CA22231D2900DD04F1 /* Constants.swift in Sources */,
			);
			runOnlyForDeploymentPostprocessing = 0;
		};
/* End PBXSourcesBuildPhase section */

/* Begin PBXVariantGroup section */
		76A9279E2222DB2100DD04F1 /* Main.storyboard */ = {
			isa = PBXVariantGroup;
			children = (
				76A9279F2222DB2100DD04F1 /* Base */,
			);
			name = Main.storyboard;
			sourceTree = "<group>";
		};
		76A927A32222DB2200DD04F1 /* LaunchScreen.storyboard */ = {
			isa = PBXVariantGroup;
			children = (
				76A927A42222DB2200DD04F1 /* Base */,
			);
			name = LaunchScreen.storyboard;
			sourceTree = "<group>";
		};
/* End PBXVariantGroup section */

/* Begin XCBuildConfiguration section */
		76A927A72222DB2200DD04F1 /* Debug */ = {
			isa = XCBuildConfiguration;
			buildSettings = {
				ALWAYS_SEARCH_USER_PATHS = NO;
				CLANG_ANALYZER_NONNULL = YES;
				CLANG_ANALYZER_NUMBER_OBJECT_CONVERSION = YES_AGGRESSIVE;
				CLANG_CXX_LANGUAGE_STANDARD = "gnu++14";
				CLANG_CXX_LIBRARY = "libc++";
				CLANG_ENABLE_MODULES = YES;
				CLANG_ENABLE_OBJC_ARC = YES;
				CLANG_ENABLE_OBJC_WEAK = YES;
				CLANG_WARN_BLOCK_CAPTURE_AUTORELEASING = YES;
				CLANG_WARN_BOOL_CONVERSION = YES;
				CLANG_WARN_COMMA = YES;
				CLANG_WARN_CONSTANT_CONVERSION = YES;
				CLANG_WARN_DEPRECATED_OBJC_IMPLEMENTATIONS = YES;
				CLANG_WARN_DIRECT_OBJC_ISA_USAGE = YES_ERROR;
				CLANG_WARN_DOCUMENTATION_COMMENTS = YES;
				CLANG_WARN_EMPTY_BODY = YES;
				CLANG_WARN_ENUM_CONVERSION = YES;
				CLANG_WARN_INFINITE_RECURSION = YES;
				CLANG_WARN_INT_CONVERSION = YES;
				CLANG_WARN_NON_LITERAL_NULL_CONVERSION = YES;
				CLANG_WARN_OBJC_IMPLICIT_RETAIN_SELF = YES;
				CLANG_WARN_OBJC_LITERAL_CONVERSION = YES;
				CLANG_WARN_OBJC_ROOT_CLASS = YES_ERROR;
				CLANG_WARN_RANGE_LOOP_ANALYSIS = YES;
				CLANG_WARN_STRICT_PROTOTYPES = YES;
				CLANG_WARN_SUSPICIOUS_MOVE = YES;
				CLANG_WARN_UNGUARDED_AVAILABILITY = YES_AGGRESSIVE;
				CLANG_WARN_UNREACHABLE_CODE = YES;
				CLANG_WARN__DUPLICATE_METHOD_MATCH = YES;
				CODE_SIGN_IDENTITY = "iPhone Developer";
				COPY_PHASE_STRIP = NO;
				DEBUG_INFORMATION_FORMAT = dwarf;
				ENABLE_STRICT_OBJC_MSGSEND = YES;
				ENABLE_TESTABILITY = YES;
				GCC_C_LANGUAGE_STANDARD = gnu11;
				GCC_DYNAMIC_NO_PIC = NO;
				GCC_NO_COMMON_BLOCKS = YES;
				GCC_OPTIMIZATION_LEVEL = 0;
				GCC_PREPROCESSOR_DEFINITIONS = (
					"DEBUG=1",
					"$(inherited)",
				);
				GCC_WARN_64_TO_32_BIT_CONVERSION = YES;
				GCC_WARN_ABOUT_RETURN_TYPE = YES_ERROR;
				GCC_WARN_UNDECLARED_SELECTOR = YES;
				GCC_WARN_UNINITIALIZED_AUTOS = YES_AGGRESSIVE;
				GCC_WARN_UNUSED_FUNCTION = YES;
				GCC_WARN_UNUSED_VARIABLE = YES;
				IPHONEOS_DEPLOYMENT_TARGET = 12.1;
				MTL_ENABLE_DEBUG_INFO = INCLUDE_SOURCE;
				MTL_FAST_MATH = YES;
				ONLY_ACTIVE_ARCH = YES;
				SDKROOT = iphoneos;
				SWIFT_ACTIVE_COMPILATION_CONDITIONS = DEBUG;
				SWIFT_OPTIMIZATION_LEVEL = "-Onone";
			};
			name = Debug;
		};
		76A927A82222DB2200DD04F1 /* Release */ = {
			isa = XCBuildConfiguration;
			buildSettings = {
				ALWAYS_SEARCH_USER_PATHS = NO;
				CLANG_ANALYZER_NONNULL = YES;
				CLANG_ANALYZER_NUMBER_OBJECT_CONVERSION = YES_AGGRESSIVE;
				CLANG_CXX_LANGUAGE_STANDARD = "gnu++14";
				CLANG_CXX_LIBRARY = "libc++";
				CLANG_ENABLE_MODULES = YES;
				CLANG_ENABLE_OBJC_ARC = YES;
				CLANG_ENABLE_OBJC_WEAK = YES;
				CLANG_WARN_BLOCK_CAPTURE_AUTORELEASING = YES;
				CLANG_WARN_BOOL_CONVERSION = YES;
				CLANG_WARN_COMMA = YES;
				CLANG_WARN_CONSTANT_CONVERSION = YES;
				CLANG_WARN_DEPRECATED_OBJC_IMPLEMENTATIONS = YES;
				CLANG_WARN_DIRECT_OBJC_ISA_USAGE = YES_ERROR;
				CLANG_WARN_DOCUMENTATION_COMMENTS = YES;
				CLANG_WARN_EMPTY_BODY = YES;
				CLANG_WARN_ENUM_CONVERSION = YES;
				CLANG_WARN_INFINITE_RECURSION = YES;
				CLANG_WARN_INT_CONVERSION = YES;
				CLANG_WARN_NON_LITERAL_NULL_CONVERSION = YES;
				CLANG_WARN_OBJC_IMPLICIT_RETAIN_SELF = YES;
				CLANG_WARN_OBJC_LITERAL_CONVERSION = YES;
				CLANG_WARN_OBJC_ROOT_CLASS = YES_ERROR;
				CLANG_WARN_RANGE_LOOP_ANALYSIS = YES;
				CLANG_WARN_STRICT_PROTOTYPES = YES;
				CLANG_WARN_SUSPICIOUS_MOVE = YES;
				CLANG_WARN_UNGUARDED_AVAILABILITY = YES_AGGRESSIVE;
				CLANG_WARN_UNREACHABLE_CODE = YES;
				CLANG_WARN__DUPLICATE_METHOD_MATCH = YES;
				CODE_SIGN_IDENTITY = "iPhone Developer";
				COPY_PHASE_STRIP = NO;
				DEBUG_INFORMATION_FORMAT = "dwarf-with-dsym";
				ENABLE_NS_ASSERTIONS = NO;
				ENABLE_STRICT_OBJC_MSGSEND = YES;
				GCC_C_LANGUAGE_STANDARD = gnu11;
				GCC_NO_COMMON_BLOCKS = YES;
				GCC_WARN_64_TO_32_BIT_CONVERSION = YES;
				GCC_WARN_ABOUT_RETURN_TYPE = YES_ERROR;
				GCC_WARN_UNDECLARED_SELECTOR = YES;
				GCC_WARN_UNINITIALIZED_AUTOS = YES_AGGRESSIVE;
				GCC_WARN_UNUSED_FUNCTION = YES;
				GCC_WARN_UNUSED_VARIABLE = YES;
				IPHONEOS_DEPLOYMENT_TARGET = 12.1;
				MTL_ENABLE_DEBUG_INFO = NO;
				MTL_FAST_MATH = YES;
				SDKROOT = iphoneos;
				SWIFT_COMPILATION_MODE = wholemodule;
				SWIFT_OPTIMIZATION_LEVEL = "-O";
				VALIDATE_PRODUCT = YES;
			};
			name = Release;
		};
		76A927AA2222DB2200DD04F1 /* Debug */ = {
			isa = XCBuildConfiguration;
			baseConfigurationReference = CC26A49E412A1BB2F00BC529 /* Pods-OmMovies.debug.xcconfig */;
			buildSettings = {
				ASSETCATALOG_COMPILER_APPICON_NAME = AppIcon;
				CODE_SIGN_STYLE = Automatic;
				DEVELOPMENT_TEAM = H695HNYMRC;
				INFOPLIST_FILE = OmMovies/Info.plist;
				LD_RUNPATH_SEARCH_PATHS = (
					"$(inherited)",
					"@executable_path/Frameworks",
				);
				PRODUCT_BUNDLE_IDENTIFIER = tr.com.esmago.OmMovies;
				PRODUCT_NAME = "$(TARGET_NAME)";
				SWIFT_VERSION = 4.2;
				TARGETED_DEVICE_FAMILY = "1,2";
			};
			name = Debug;
		};
		76A927AB2222DB2200DD04F1 /* Release */ = {
			isa = XCBuildConfiguration;
			baseConfigurationReference = 1ADCE0AAC17D053BFA026ACF /* Pods-OmMovies.release.xcconfig */;
			buildSettings = {
				ASSETCATALOG_COMPILER_APPICON_NAME = AppIcon;
				CODE_SIGN_STYLE = Automatic;
				DEVELOPMENT_TEAM = H695HNYMRC;
				INFOPLIST_FILE = OmMovies/Info.plist;
				LD_RUNPATH_SEARCH_PATHS = (
					"$(inherited)",
					"@executable_path/Frameworks",
				);
				PRODUCT_BUNDLE_IDENTIFIER = tr.com.esmago.OmMovies;
				PRODUCT_NAME = "$(TARGET_NAME)";
				SWIFT_VERSION = 4.2;
				TARGETED_DEVICE_FAMILY = "1,2";
			};
			name = Release;
		};
/* End XCBuildConfiguration section */

/* Begin XCConfigurationList section */
		76A927922222DB2100DD04F1 /* Build configuration list for PBXProject "OmMovies" */ = {
			isa = XCConfigurationList;
			buildConfigurations = (
				76A927A72222DB2200DD04F1 /* Debug */,
				76A927A82222DB2200DD04F1 /* Release */,
			);
			defaultConfigurationIsVisible = 0;
			defaultConfigurationName = Release;
		};
		76A927A92222DB2200DD04F1 /* Build configuration list for PBXNativeTarget "OmMovies" */ = {
			isa = XCConfigurationList;
			buildConfigurations = (
				76A927AA2222DB2200DD04F1 /* Debug */,
				76A927AB2222DB2200DD04F1 /* Release */,
			);
			defaultConfigurationIsVisible = 0;
			defaultConfigurationName = Release;
		};
/* End XCConfigurationList section */
	};
	rootObject = 76A9278F2222DB2100DD04F1 /* Project object */;
}
